
Microsoft Visual Studio Solution File, Format Version 12.00
# Visual Studio Version 17
VisualStudioVersion = 17.14.36203.30 d17.14
MinimumVisualStudioVersion = 10.0.40219.1
Project("{54A90642-561A-4BB1-A94E-469ADEE60C69}") = "moviesorterwebsiteproject", "moviesorterwebsiteproject.esproj", "{7459516D-CF14-0679-BCD5-9AE635FDFBBF}"
EndProject
Global
	GlobalSection(SolutionConfigurationPlatforms) = preSolution
		Debug|Any CPU = Debug|Any CPU
		Release|Any CPU = Release|Any CPU
	EndGlobalSection
	GlobalSection(ProjectConfigurationPlatforms) = postSolution
		{7459516D-CF14-0679-BCD5-9AE635FDFBBF}.Debug|Any CPU.ActiveCfg = Debug|Any CPU
		{7459516D-CF14-0679-BCD5-9AE635FDFBBF}.Debug|Any CPU.Build.0 = Debug|Any CPU
		{7459516D-CF14-0679-BCD5-9AE635FDFBBF}.Debug|Any CPU.Deploy.0 = Debug|Any CPU
		{7459516D-CF14-0679-BCD5-9AE635FDFBBF}.Release|Any CPU.ActiveCfg = Release|Any CPU
		{7459516D-CF14-0679-BCD5-9AE635FDFBBF}.Release|Any CPU.Build.0 = Release|Any CPU
		{7459516D-CF14-0679-BCD5-9AE635FDFBBF}.Release|Any CPU.Deploy.0 = Release|Any CPU
	EndGlobalSection
	GlobalSection(SolutionProperties) = preSolution
		HideSolutionNode = FALSE
	EndGlobalSection
	GlobalSection(ExtensibilityGlobals) = postSolution
		SolutionGuid = {64123DC8-81C7-4F7F-AADD-F44B26AEA29D}
	EndGlobalSection
EndGlobal
